
Microsoft Visual Studio Solution File, Format Version 12.00
# Visual Studio 15
VisualStudioVersion = 15.0.28010.2046
MinimumVisualStudioVersion = 10.0.40219.1
Project("{FAE04EC0-301F-11D3-BF4B-00C04F79EFBC}") = "U18OCT25X1", "U18OCT25X1\U18OCT25X1.csproj", "{E43E4B6B-165C-4F5D-8A59-4C2995F00322}"
EndProject
Global
	GlobalSection(SolutionConfigurationPlatforms) = preSolution
		Debug|Any CPU = Debug|Any CPU
		Release|Any CPU = Release|Any CPU
	EndGlobalSection
	GlobalSection(ProjectConfigurationPlatforms) = postSolution
		{E43E4B6B-165C-4F5D-8A59-4C2995F00322}.Debug|Any CPU.ActiveCfg = Debug|Any CPU
		{E43E4B6B-165C-4F5D-8A59-4C2995F00322}.Debug|Any CPU.Build.0 = Debug|Any CPU
		{E43E4B6B-165C-4F5D-8A59-4C2995F00322}.Release|Any CPU.ActiveCfg = Release|Any CPU
		{E43E4B6B-165C-4F5D-8A59-4C2995F00322}.Release|Any CPU.Build.0 = Release|Any CPU
	EndGlobalSection
	GlobalSection(SolutionProperties) = preSolution
		HideSolutionNode = FALSE
	EndGlobalSection
	GlobalSection(ExtensibilityGlobals) = postSolution
		SolutionGuid = {2D20165E-CE93-43FD-9BA3-379E78F40206}
	EndGlobalSection
EndGlobal
